
Microsoft Visual Studio Solution File, Format Version 12.00
# Visual Studio Version 17
VisualStudioVersion = 17.3.32922.545
MinimumVisualStudioVersion = 10.0.40219.1
Project("{9A19103F-16F7-4668-BE54-9A1E7A4F7556}") = "HSS.SignalRDemo", "HSS.SignalRDemo\HSS.SignalRDemo.csproj", "{7751CEF5-1377-4973-8144-FF00954B4A69}"
EndProject
Project("{9A19103F-16F7-4668-BE54-9A1E7A4F7556}") = "HSS.IdentityServer", "HSS.IdentityServer\HSS.IdentityServer.csproj", "{D27AD2DD-50F8-4EC7-8B7E-B83D6269B5A7}"
EndProject
Project("{9A19103F-16F7-4668-BE54-9A1E7A4F7556}") = "HSS.HubServer", "HSS.HubServer\HSS.HubServer.csproj", "{E9EFB81E-3080-4C64-8928-08908E496223}"
EndProject
Global
	GlobalSection(SolutionConfigurationPlatforms) = preSolution
		Debug|Any CPU = Debug|Any CPU
		Release|Any CPU = Release|Any CPU
	EndGlobalSection
	GlobalSection(ProjectConfigurationPlatforms) = postSolution
		{7751CEF5-1377-4973-8144-FF00954B4A69}.Debug|Any CPU.ActiveCfg = Debug|Any CPU
		{7751CEF5-1377-4973-8144-FF00954B4A69}.Debug|Any CPU.Build.0 = Debug|Any CPU
		{7751CEF5-1377-4973-8144-FF00954B4A69}.Release|Any CPU.ActiveCfg = Release|Any CPU
		{7751CEF5-1377-4973-8144-FF00954B4A69}.Release|Any CPU.Build.0 = Release|Any CPU
		{D27AD2DD-50F8-4EC7-8B7E-B83D6269B5A7}.Debug|Any CPU.ActiveCfg = Debug|Any CPU
		{D27AD2DD-50F8-4EC7-8B7E-B83D6269B5A7}.Debug|Any CPU.Build.0 = Debug|Any CPU
		{D27AD2DD-50F8-4EC7-8B7E-B83D6269B5A7}.Release|Any CPU.ActiveCfg = Release|Any CPU
		{D27AD2DD-50F8-4EC7-8B7E-B83D6269B5A7}.Release|Any CPU.Build.0 = Release|Any CPU
		{E9EFB81E-3080-4C64-8928-08908E496223}.Debug|Any CPU.ActiveCfg = Debug|Any CPU
		{E9EFB81E-3080-4C64-8928-08908E496223}.Debug|Any CPU.Build.0 = Debug|Any CPU
		{E9EFB81E-3080-4C64-8928-08908E496223}.Release|Any CPU.ActiveCfg = Release|Any CPU
		{E9EFB81E-3080-4C64-8928-08908E496223}.Release|Any CPU.Build.0 = Release|Any CPU
	EndGlobalSection
	GlobalSection(SolutionProperties) = preSolution
		HideSolutionNode = FALSE
	EndGlobalSection
	GlobalSection(ExtensibilityGlobals) = postSolution
		SolutionGuid = {05DEA39C-AA02-44DC-894E-5702FFC64844}
	EndGlobalSection
EndGlobal
