
Microsoft Visual Studio Solution File, Format Version 12.00
# Visual Studio Version 16
VisualStudioVersion = 16.0.31129.286
MinimumVisualStudioVersion = 10.0.40219.1
Project("{9A19103F-16F7-4668-BE54-9A1E7A4F7556}") = "PokerServer", "PokerServer\PokerServer.csproj", "{88296319-0AE3-4A9E-9038-8F8B9BFFFC9C}"
EndProject
Project("{2150E333-8FDC-42A3-9474-1A3956D46DE8}") = "Solution Items", "Solution Items", "{366C55F4-90EB-42B2-9205-F8E9C68EF6CF}"
	ProjectSection(SolutionItems) = preProject
		Protos\poker.proto = Protos\poker.proto
	EndProjectSection
EndProject
Project("{9A19103F-16F7-4668-BE54-9A1E7A4F7556}") = "PokerClientApp", "PokerClientApp\PokerClientApp.csproj", "{88147EE9-2A2D-494C-BB65-04930469E49B}"
EndProject
Global
	GlobalSection(SolutionConfigurationPlatforms) = preSolution
		Debug|Any CPU = Debug|Any CPU
		Release|Any CPU = Release|Any CPU
	EndGlobalSection
	GlobalSection(ProjectConfigurationPlatforms) = postSolution
		{88296319-0AE3-4A9E-9038-8F8B9BFFFC9C}.Debug|Any CPU.ActiveCfg = Debug|Any CPU
		{88296319-0AE3-4A9E-9038-8F8B9BFFFC9C}.Debug|Any CPU.Build.0 = Debug|Any CPU
		{88296319-0AE3-4A9E-9038-8F8B9BFFFC9C}.Release|Any CPU.ActiveCfg = Release|Any CPU
		{88296319-0AE3-4A9E-9038-8F8B9BFFFC9C}.Release|Any CPU.Build.0 = Release|Any CPU
		{88147EE9-2A2D-494C-BB65-04930469E49B}.Debug|Any CPU.ActiveCfg = Debug|Any CPU
		{88147EE9-2A2D-494C-BB65-04930469E49B}.Debug|Any CPU.Build.0 = Debug|Any CPU
		{88147EE9-2A2D-494C-BB65-04930469E49B}.Release|Any CPU.ActiveCfg = Release|Any CPU
		{88147EE9-2A2D-494C-BB65-04930469E49B}.Release|Any CPU.Build.0 = Release|Any CPU
	EndGlobalSection
	GlobalSection(SolutionProperties) = preSolution
		HideSolutionNode = FALSE
	EndGlobalSection
	GlobalSection(ExtensibilityGlobals) = postSolution
		SolutionGuid = {A5CE3640-2F61-4E65-9D23-9DEA323AE859}
	EndGlobalSection
EndGlobal
