
Microsoft Visual Studio Solution File, Format Version 12.00
# Visual Studio Version 17
VisualStudioVersion = 17.4.33122.133
MinimumVisualStudioVersion = 10.0.40219.1
Project("{9A19103F-16F7-4668-BE54-9A1E7A4F7556}") = "EStore.IdentityServer", "EStore.IdentityServer\EStore.IdentityServer.csproj", "{724C8C76-5A7D-4816-8E54-984CB3CA897F}"
EndProject
Project("{9A19103F-16F7-4668-BE54-9A1E7A4F7556}") = "EStore.Common", "EStore.Common\EStore.Common.csproj", "{CA2BAA15-FAF5-4BDE-85AE-E1ACA1798795}"
EndProject
Project("{9A19103F-16F7-4668-BE54-9A1E7A4F7556}") = "EStore.CMS", "EStore.CMS\EStore.CMS.csproj", "{5D40AE21-E3F7-43FD-B631-AAFAA9F1A98E}"
EndProject
Project("{9A19103F-16F7-4668-BE54-9A1E7A4F7556}") = "EStore.SharedServices", "EStore.SharedServices\EStore.SharedServices.csproj", "{034D0BB5-8732-4BEC-AEDF-9A4985F79E99}"
EndProject
Project("{9A19103F-16F7-4668-BE54-9A1E7A4F7556}") = "EStore.DataAccess.SqlServer", "EStore.SharedServices.SqlServer\EStore.DataAccess.SqlServer.csproj", "{283C1B6D-C734-4383-9353-DB94B8CC57C4}"
EndProject
Project("{9A19103F-16F7-4668-BE54-9A1E7A4F7556}") = "EStore.DataAccess.MemCache", "EStore.DataAccess.InMemoryCache\EStore.DataAccess.MemCache.csproj", "{D68DC0A7-8212-429B-B043-857C8DDE09B6}"
EndProject
Project("{9A19103F-16F7-4668-BE54-9A1E7A4F7556}") = "EStore.DataAccess.Wrapper", "EStore.DataAccess.Wrapper\EStore.DataAccess.Wrapper.csproj", "{C4626405-AA8C-4270-B149-EEF4B2470904}"
EndProject
Project("{2150E333-8FDC-42A3-9474-1A3956D46DE8}") = "DataAccess", "DataAccess", "{FF4A65FA-A3D8-44A4-B183-144AA9A34FBB}"
EndProject
Project("{2150E333-8FDC-42A3-9474-1A3956D46DE8}") = "Services", "Services", "{00C81010-E1A6-4952-8DD3-57097CD0B9FC}"
EndProject
Project("{2150E333-8FDC-42A3-9474-1A3956D46DE8}") = "Common", "Common", "{57A4F673-E8B6-46ED-9F4E-E944D0E3E357}"
EndProject
Project("{2150E333-8FDC-42A3-9474-1A3956D46DE8}") = "Admin", "Admin", "{10633592-E956-4C1C-B687-34AAF900A708}"
EndProject
Project("{9A19103F-16F7-4668-BE54-9A1E7A4F7556}") = "EStore.UserApi", "EStore.UserApi\EStore.UserApi.csproj", "{B4D965E4-1BA2-419F-9389-95BBEB650C74}"
EndProject
Project("{9A19103F-16F7-4668-BE54-9A1E7A4F7556}") = "EStore.ProductAPI", "EStore.ProductAPI\EStore.ProductAPI.csproj", "{EE57F383-317B-4A6C-B74C-BF813C7BD846}"
EndProject
Project("{FAE04EC0-301F-11D3-BF4B-00C04F79EFBC}") = "EStore.CartAPI", "EStore.CartAPI\EStore.CartAPI.csproj", "{026F2BCA-B51A-403C-B65F-F1DEEDF6FDAC}"
EndProject
Project("{FAE04EC0-301F-11D3-BF4B-00C04F79EFBC}") = "EStore.OrderAPI", "EStore.OrderAPI\EStore.OrderAPI.csproj", "{556A7CA7-BD7A-4008-87E6-2D7E1FE2868A}"
EndProject
Global
	GlobalSection(SolutionConfigurationPlatforms) = preSolution
		Debug|Any CPU = Debug|Any CPU
		Release|Any CPU = Release|Any CPU
	EndGlobalSection
	GlobalSection(ProjectConfigurationPlatforms) = postSolution
		{724C8C76-5A7D-4816-8E54-984CB3CA897F}.Debug|Any CPU.ActiveCfg = Debug|Any CPU
		{724C8C76-5A7D-4816-8E54-984CB3CA897F}.Debug|Any CPU.Build.0 = Debug|Any CPU
		{724C8C76-5A7D-4816-8E54-984CB3CA897F}.Release|Any CPU.ActiveCfg = Release|Any CPU
		{724C8C76-5A7D-4816-8E54-984CB3CA897F}.Release|Any CPU.Build.0 = Release|Any CPU
		{CA2BAA15-FAF5-4BDE-85AE-E1ACA1798795}.Debug|Any CPU.ActiveCfg = Debug|Any CPU
		{CA2BAA15-FAF5-4BDE-85AE-E1ACA1798795}.Debug|Any CPU.Build.0 = Debug|Any CPU
		{CA2BAA15-FAF5-4BDE-85AE-E1ACA1798795}.Release|Any CPU.ActiveCfg = Release|Any CPU
		{CA2BAA15-FAF5-4BDE-85AE-E1ACA1798795}.Release|Any CPU.Build.0 = Release|Any CPU
		{5D40AE21-E3F7-43FD-B631-AAFAA9F1A98E}.Debug|Any CPU.ActiveCfg = Debug|Any CPU
		{5D40AE21-E3F7-43FD-B631-AAFAA9F1A98E}.Debug|Any CPU.Build.0 = Debug|Any CPU
		{5D40AE21-E3F7-43FD-B631-AAFAA9F1A98E}.Release|Any CPU.ActiveCfg = Release|Any CPU
		{5D40AE21-E3F7-43FD-B631-AAFAA9F1A98E}.Release|Any CPU.Build.0 = Release|Any CPU
		{034D0BB5-8732-4BEC-AEDF-9A4985F79E99}.Debug|Any CPU.ActiveCfg = Debug|Any CPU
		{034D0BB5-8732-4BEC-AEDF-9A4985F79E99}.Debug|Any CPU.Build.0 = Debug|Any CPU
		{034D0BB5-8732-4BEC-AEDF-9A4985F79E99}.Release|Any CPU.ActiveCfg = Release|Any CPU
		{034D0BB5-8732-4BEC-AEDF-9A4985F79E99}.Release|Any CPU.Build.0 = Release|Any CPU
		{283C1B6D-C734-4383-9353-DB94B8CC57C4}.Debug|Any CPU.ActiveCfg = Debug|Any CPU
		{283C1B6D-C734-4383-9353-DB94B8CC57C4}.Debug|Any CPU.Build.0 = Debug|Any CPU
		{283C1B6D-C734-4383-9353-DB94B8CC57C4}.Release|Any CPU.ActiveCfg = Release|Any CPU
		{283C1B6D-C734-4383-9353-DB94B8CC57C4}.Release|Any CPU.Build.0 = Release|Any CPU
		{D68DC0A7-8212-429B-B043-857C8DDE09B6}.Debug|Any CPU.ActiveCfg = Debug|Any CPU
		{D68DC0A7-8212-429B-B043-857C8DDE09B6}.Debug|Any CPU.Build.0 = Debug|Any CPU
		{D68DC0A7-8212-429B-B043-857C8DDE09B6}.Release|Any CPU.ActiveCfg = Release|Any CPU
		{D68DC0A7-8212-429B-B043-857C8DDE09B6}.Release|Any CPU.Build.0 = Release|Any CPU
		{C4626405-AA8C-4270-B149-EEF4B2470904}.Debug|Any CPU.ActiveCfg = Debug|Any CPU
		{C4626405-AA8C-4270-B149-EEF4B2470904}.Debug|Any CPU.Build.0 = Debug|Any CPU
		{C4626405-AA8C-4270-B149-EEF4B2470904}.Release|Any CPU.ActiveCfg = Release|Any CPU
		{C4626405-AA8C-4270-B149-EEF4B2470904}.Release|Any CPU.Build.0 = Release|Any CPU
		{B4D965E4-1BA2-419F-9389-95BBEB650C74}.Debug|Any CPU.ActiveCfg = Debug|Any CPU
		{B4D965E4-1BA2-419F-9389-95BBEB650C74}.Debug|Any CPU.Build.0 = Debug|Any CPU
		{B4D965E4-1BA2-419F-9389-95BBEB650C74}.Release|Any CPU.ActiveCfg = Release|Any CPU
		{B4D965E4-1BA2-419F-9389-95BBEB650C74}.Release|Any CPU.Build.0 = Release|Any CPU
		{EE57F383-317B-4A6C-B74C-BF813C7BD846}.Debug|Any CPU.ActiveCfg = Debug|Any CPU
		{EE57F383-317B-4A6C-B74C-BF813C7BD846}.Debug|Any CPU.Build.0 = Debug|Any CPU
		{EE57F383-317B-4A6C-B74C-BF813C7BD846}.Release|Any CPU.ActiveCfg = Release|Any CPU
		{EE57F383-317B-4A6C-B74C-BF813C7BD846}.Release|Any CPU.Build.0 = Release|Any CPU
		{026F2BCA-B51A-403C-B65F-F1DEEDF6FDAC}.Debug|Any CPU.ActiveCfg = Debug|Any CPU
		{026F2BCA-B51A-403C-B65F-F1DEEDF6FDAC}.Debug|Any CPU.Build.0 = Debug|Any CPU
		{026F2BCA-B51A-403C-B65F-F1DEEDF6FDAC}.Release|Any CPU.ActiveCfg = Release|Any CPU
		{026F2BCA-B51A-403C-B65F-F1DEEDF6FDAC}.Release|Any CPU.Build.0 = Release|Any CPU
		{556A7CA7-BD7A-4008-87E6-2D7E1FE2868A}.Debug|Any CPU.ActiveCfg = Debug|Any CPU
		{556A7CA7-BD7A-4008-87E6-2D7E1FE2868A}.Debug|Any CPU.Build.0 = Debug|Any CPU
		{556A7CA7-BD7A-4008-87E6-2D7E1FE2868A}.Release|Any CPU.ActiveCfg = Release|Any CPU
		{556A7CA7-BD7A-4008-87E6-2D7E1FE2868A}.Release|Any CPU.Build.0 = Release|Any CPU
	EndGlobalSection
	GlobalSection(SolutionProperties) = preSolution
		HideSolutionNode = FALSE
	EndGlobalSection
	GlobalSection(NestedProjects) = preSolution
		{CA2BAA15-FAF5-4BDE-85AE-E1ACA1798795} = {57A4F673-E8B6-46ED-9F4E-E944D0E3E357}
		{5D40AE21-E3F7-43FD-B631-AAFAA9F1A98E} = {10633592-E956-4C1C-B687-34AAF900A708}
		{034D0BB5-8732-4BEC-AEDF-9A4985F79E99} = {00C81010-E1A6-4952-8DD3-57097CD0B9FC}
		{283C1B6D-C734-4383-9353-DB94B8CC57C4} = {FF4A65FA-A3D8-44A4-B183-144AA9A34FBB}
		{D68DC0A7-8212-429B-B043-857C8DDE09B6} = {FF4A65FA-A3D8-44A4-B183-144AA9A34FBB}
		{C4626405-AA8C-4270-B149-EEF4B2470904} = {FF4A65FA-A3D8-44A4-B183-144AA9A34FBB}
	EndGlobalSection
	GlobalSection(ExtensibilityGlobals) = postSolution
		SolutionGuid = {0865794A-8E7C-4CF6-8502-5F7650AFEE9D}
	EndGlobalSection
EndGlobal
