
Microsoft Visual Studio Solution File, Format Version 12.00
# Visual Studio Version 17
VisualStudioVersion = 17.4.33122.133
MinimumVisualStudioVersion = 10.0.40219.1
Project("{9A19103F-16F7-4668-BE54-9A1E7A4F7556}") = "EStore.IdentityServer", "EStore.IdentityServer\EStore.IdentityServer.csproj", "{724C8C76-5A7D-4816-8E54-984CB3CA897F}"
EndProject
Project("{FAE04EC0-301F-11D3-BF4B-00C04F79EFBC}") = "EStore.Common", "EStore.Common\EStore.Common.csproj", "{CA2BAA15-FAF5-4BDE-85AE-E1ACA1798795}"
EndProject
Global
	GlobalSection(SolutionConfigurationPlatforms) = preSolution
		Debug|Any CPU = Debug|Any CPU
		Release|Any CPU = Release|Any CPU
	EndGlobalSection
	GlobalSection(ProjectConfigurationPlatforms) = postSolution
		{724C8C76-5A7D-4816-8E54-984CB3CA897F}.Debug|Any CPU.ActiveCfg = Debug|Any CPU
		{724C8C76-5A7D-4816-8E54-984CB3CA897F}.Debug|Any CPU.Build.0 = Debug|Any CPU
		{724C8C76-5A7D-4816-8E54-984CB3CA897F}.Release|Any CPU.ActiveCfg = Release|Any CPU
		{724C8C76-5A7D-4816-8E54-984CB3CA897F}.Release|Any CPU.Build.0 = Release|Any CPU
		{CA2BAA15-FAF5-4BDE-85AE-E1ACA1798795}.Debug|Any CPU.ActiveCfg = Debug|Any CPU
		{CA2BAA15-FAF5-4BDE-85AE-E1ACA1798795}.Debug|Any CPU.Build.0 = Debug|Any CPU
		{CA2BAA15-FAF5-4BDE-85AE-E1ACA1798795}.Release|Any CPU.ActiveCfg = Release|Any CPU
		{CA2BAA15-FAF5-4BDE-85AE-E1ACA1798795}.Release|Any CPU.Build.0 = Release|Any CPU
	EndGlobalSection
	GlobalSection(SolutionProperties) = preSolution
		HideSolutionNode = FALSE
	EndGlobalSection
	GlobalSection(ExtensibilityGlobals) = postSolution
		SolutionGuid = {0865794A-8E7C-4CF6-8502-5F7650AFEE9D}
	EndGlobalSection
EndGlobal
